
Microsoft Visual Studio Solution File, Format Version 12.00
# Visual Studio Version 17
VisualStudioVersion = 17.3.32929.385
MinimumVisualStudioVersion = 10.0.40219.1
Project("{9A19103F-16F7-4668-BE54-9A1E7A4F7556}") = "WebApi-ServerSide", "WebApi-ServerSide.csproj", "{364DFC30-0642-49DF-8A3F-02F05D414F01}"
EndProject
Project("{9A19103F-16F7-4668-BE54-9A1E7A4F7556}") = "DAL", "..\DAL\DAL.csproj", "{09CA7E94-0113-4134-91F8-A8E5718E2523}"
EndProject
Project("{FAE04EC0-301F-11D3-BF4B-00C04F79EFBC}") = "Model", "..\Model\Model.csproj", "{8B9B4111-554B-4EB6-A0F1-3A09D85BB68C}"
EndProject
Project("{FAE04EC0-301F-11D3-BF4B-00C04F79EFBC}") = "SQL", "..\SQL\SQL.csproj", "{3F27A0AB-F280-4C48-AAD4-AE02CBAA632D}"
EndProject
Project("{FAE04EC0-301F-11D3-BF4B-00C04F79EFBC}") = "Entities", "..\Entities\Entities.csproj", "{F1906E63-0FB4-41A0-9B66-B6370FD3353E}"
EndProject
Global
	GlobalSection(SolutionConfigurationPlatforms) = preSolution
		Debug|Any CPU = Debug|Any CPU
		Release|Any CPU = Release|Any CPU
	EndGlobalSection
	GlobalSection(ProjectConfigurationPlatforms) = postSolution
		{364DFC30-0642-49DF-8A3F-02F05D414F01}.Debug|Any CPU.ActiveCfg = Debug|Any CPU
		{364DFC30-0642-49DF-8A3F-02F05D414F01}.Debug|Any CPU.Build.0 = Debug|Any CPU
		{364DFC30-0642-49DF-8A3F-02F05D414F01}.Release|Any CPU.ActiveCfg = Release|Any CPU
		{364DFC30-0642-49DF-8A3F-02F05D414F01}.Release|Any CPU.Build.0 = Release|Any CPU
		{09CA7E94-0113-4134-91F8-A8E5718E2523}.Debug|Any CPU.ActiveCfg = Debug|Any CPU
		{09CA7E94-0113-4134-91F8-A8E5718E2523}.Debug|Any CPU.Build.0 = Debug|Any CPU
		{09CA7E94-0113-4134-91F8-A8E5718E2523}.Release|Any CPU.ActiveCfg = Release|Any CPU
		{09CA7E94-0113-4134-91F8-A8E5718E2523}.Release|Any CPU.Build.0 = Release|Any CPU
		{8B9B4111-554B-4EB6-A0F1-3A09D85BB68C}.Debug|Any CPU.ActiveCfg = Debug|Any CPU
		{8B9B4111-554B-4EB6-A0F1-3A09D85BB68C}.Debug|Any CPU.Build.0 = Debug|Any CPU
		{8B9B4111-554B-4EB6-A0F1-3A09D85BB68C}.Release|Any CPU.ActiveCfg = Release|Any CPU
		{8B9B4111-554B-4EB6-A0F1-3A09D85BB68C}.Release|Any CPU.Build.0 = Release|Any CPU
		{3F27A0AB-F280-4C48-AAD4-AE02CBAA632D}.Debug|Any CPU.ActiveCfg = Debug|Any CPU
		{3F27A0AB-F280-4C48-AAD4-AE02CBAA632D}.Debug|Any CPU.Build.0 = Debug|Any CPU
		{3F27A0AB-F280-4C48-AAD4-AE02CBAA632D}.Release|Any CPU.ActiveCfg = Release|Any CPU
		{3F27A0AB-F280-4C48-AAD4-AE02CBAA632D}.Release|Any CPU.Build.0 = Release|Any CPU
		{F1906E63-0FB4-41A0-9B66-B6370FD3353E}.Debug|Any CPU.ActiveCfg = Debug|Any CPU
		{F1906E63-0FB4-41A0-9B66-B6370FD3353E}.Debug|Any CPU.Build.0 = Debug|Any CPU
		{F1906E63-0FB4-41A0-9B66-B6370FD3353E}.Release|Any CPU.ActiveCfg = Release|Any CPU
		{F1906E63-0FB4-41A0-9B66-B6370FD3353E}.Release|Any CPU.Build.0 = Release|Any CPU
	EndGlobalSection
	GlobalSection(SolutionProperties) = preSolution
		HideSolutionNode = FALSE
	EndGlobalSection
	GlobalSection(ExtensibilityGlobals) = postSolution
		SolutionGuid = {C8CBA858-BBBB-45A9-AB99-061B43F13FBD}
	EndGlobalSection
EndGlobal
